// !$*UTF8*$!
{
	archiveVersion = 1;
	classes = {
	};
	objectVersion = 50;
	objects = {

/* Begin PBXBuildFile section */
		EF04398B24CAA48F002EEDBB /* CompGroupedView.swift in Sources */ = {isa = PBXBuildFile; fileRef = EF04398A24CAA48F002EEDBB /* CompGroupedView.swift */; };
		EF15336824B6D52600D512F7 /* CompStatus.swift in Sources */ = {isa = PBXBuildFile; fileRef = EF15336724B6D52600D512F7 /* CompStatus.swift */; };
		EF15336C24B6DD3D00D512F7 /* RokuApp.swift in Sources */ = {isa = PBXBuildFile; fileRef = EF15336B24B6DD3D00D512F7 /* RokuApp.swift */; };
		EF4AA09A256E093600AE4A40 /* CompRemotePicker.swift in Sources */ = {isa = PBXBuildFile; fileRef = EF4AA099256E093600AE4A40 /* CompRemotePicker.swift */; };
		EF5F79B6254BAD9100AA138C /* ContentViewSpotify.swift in Sources */ = {isa = PBXBuildFile; fileRef = EF5F79B5254BAD9100AA138C /* ContentViewSpotify.swift */; };
		EF5F79BC254BBB1100AA138C /* Auth.swift in Sources */ = {isa = PBXBuildFile; fileRef = EF5F79BB254BBB1100AA138C /* Auth.swift */; };
		EF5F79C4254BC52200AA138C /* NetworkManager.swift in Sources */ = {isa = PBXBuildFile; fileRef = EF5F79C3254BC52200AA138C /* NetworkManager.swift */; };
		EF73F86C25566EE200A2B8AE /* util.swift in Sources */ = {isa = PBXBuildFile; fileRef = EF73F86B25566EE200A2B8AE /* util.swift */; };
		EF7FAAB6256EEDE400DD08A1 /* ContentViewHome.swift in Sources */ = {isa = PBXBuildFile; fileRef = EF7FAAB5256EEDE400DD08A1 /* ContentViewHome.swift */; };
		EF838F3524AABC3C00A7DAAA /* Errors.swift in Sources */ = {isa = PBXBuildFile; fileRef = EF838F3424AABC3C00A7DAAA /* Errors.swift */; };
		EF838F3824AAE53100A7DAAA /* Listener.swift in Sources */ = {isa = PBXBuildFile; fileRef = EF838F3724AAE53100A7DAAA /* Listener.swift */; };
		EF838F3B24AAEA9E00A7DAAA /* Keycode.swift in Sources */ = {isa = PBXBuildFile; fileRef = EF838F3A24AAEA9E00A7DAAA /* Keycode.swift */; };
		EF838F3D24ABDD2D00A7DAAA /* Settings.swift in Sources */ = {isa = PBXBuildFile; fileRef = EF838F3C24ABDD2D00A7DAAA /* Settings.swift */; };
		EF838F4124ABE07500A7DAAA /* settings.json in Resources */ = {isa = PBXBuildFile; fileRef = EF838F4024ABE07500A7DAAA /* settings.json */; };
		EF8EBEF924BEAFA8003FEF8A /* CompRokuDevices.swift in Sources */ = {isa = PBXBuildFile; fileRef = EF8EBEF824BEAFA8003FEF8A /* CompRokuDevices.swift */; };
		EFD8EA3C24A5AE0700407555 /* ContentViewRoku.swift in Sources */ = {isa = PBXBuildFile; fileRef = EFD8EA3B24A5AE0700407555 /* ContentViewRoku.swift */; };
		EFD8EA4024A5AE4100407555 /* ContentViewSettings.swift in Sources */ = {isa = PBXBuildFile; fileRef = EFD8EA3F24A5AE4100407555 /* ContentViewSettings.swift */; };
		EFD8EA4624A5CF8200407555 /* RemoteTypes.swift in Sources */ = {isa = PBXBuildFile; fileRef = EFD8EA4524A5CF8200407555 /* RemoteTypes.swift */; };
		EFD964AD24A55D5600BCBB86 /* AppDelegate.swift in Sources */ = {isa = PBXBuildFile; fileRef = EFD964AC24A55D5600BCBB86 /* AppDelegate.swift */; };
		EFD964AF24A55D5600BCBB86 /* ContentViewMain.swift in Sources */ = {isa = PBXBuildFile; fileRef = EFD964AE24A55D5600BCBB86 /* ContentViewMain.swift */; };
		EFD964B124A55D5800BCBB86 /* Assets.xcassets in Resources */ = {isa = PBXBuildFile; fileRef = EFD964B024A55D5800BCBB86 /* Assets.xcassets */; };
		EFD964B424A55D5800BCBB86 /* Preview Assets.xcassets in Resources */ = {isa = PBXBuildFile; fileRef = EFD964B324A55D5800BCBB86 /* Preview Assets.xcassets */; };
		EFD964B724A55D5800BCBB86 /* Main.storyboard in Resources */ = {isa = PBXBuildFile; fileRef = EFD964B524A55D5800BCBB86 /* Main.storyboard */; };
		EFD964C324A55D5800BCBB86 /* MyRemoteTests.swift in Sources */ = {isa = PBXBuildFile; fileRef = EFD964C224A55D5800BCBB86 /* MyRemoteTests.swift */; };
		EFD964CE24A55D5800BCBB86 /* MyRemoteUITests.swift in Sources */ = {isa = PBXBuildFile; fileRef = EFD964CD24A55D5800BCBB86 /* MyRemoteUITests.swift */; };
		EFD964E024A5996500BCBB86 /* Constants.swift in Sources */ = {isa = PBXBuildFile; fileRef = EFD964DF24A5996500BCBB86 /* Constants.swift */; };
		EFF5949324ABE364003820DB /* RemoteButton.swift in Sources */ = {isa = PBXBuildFile; fileRef = EFF5949224ABE364003820DB /* RemoteButton.swift */; };
		EFFEE99F24A7024B003829B8 /* CompArrows.swift in Sources */ = {isa = PBXBuildFile; fileRef = EFFEE99E24A7024B003829B8 /* CompArrows.swift */; };
		EFFEE9A124A703F3003829B8 /* CompTop.swift in Sources */ = {isa = PBXBuildFile; fileRef = EFFEE9A024A703F3003829B8 /* CompTop.swift */; };
		EFFEE9AE24AAA0F7003829B8 /* Buttons.swift in Sources */ = {isa = PBXBuildFile; fileRef = EFFEE9AD24AAA0F7003829B8 /* Buttons.swift */; };
/* End PBXBuildFile section */

/* Begin PBXContainerItemProxy section */
		EFD964BF24A55D5800BCBB86 /* PBXContainerItemProxy */ = {
			isa = PBXContainerItemProxy;
			containerPortal = EFD964A124A55D5600BCBB86 /* Project object */;
			proxyType = 1;
			remoteGlobalIDString = EFD964A824A55D5600BCBB86;
			remoteInfo = MyRemote;
		};
		EFD964CA24A55D5800BCBB86 /* PBXContainerItemProxy */ = {
			isa = PBXContainerItemProxy;
			containerPortal = EFD964A124A55D5600BCBB86 /* Project object */;
			proxyType = 1;
			remoteGlobalIDString = EFD964A824A55D5600BCBB86;
			remoteInfo = MyRemote;
		};
/* End PBXContainerItemProxy section */

/* Begin PBXFileReference section */
		EF04398A24CAA48F002EEDBB /* CompGroupedView.swift */ = {isa = PBXFileReference; lastKnownFileType = sourcecode.swift; path = CompGroupedView.swift; sourceTree = "<group>"; };
		EF15336724B6D52600D512F7 /* CompStatus.swift */ = {isa = PBXFileReference; lastKnownFileType = sourcecode.swift; path = CompStatus.swift; sourceTree = "<group>"; };
		EF15336B24B6DD3D00D512F7 /* RokuApp.swift */ = {isa = PBXFileReference; lastKnownFileType = sourcecode.swift; path = RokuApp.swift; sourceTree = "<group>"; };
		EF4AA099256E093600AE4A40 /* CompRemotePicker.swift */ = {isa = PBXFileReference; lastKnownFileType = sourcecode.swift; path = CompRemotePicker.swift; sourceTree = "<group>"; };
		EF5F79B5254BAD9100AA138C /* ContentViewSpotify.swift */ = {isa = PBXFileReference; lastKnownFileType = sourcecode.swift; path = ContentViewSpotify.swift; sourceTree = "<group>"; };
		EF5F79BB254BBB1100AA138C /* Auth.swift */ = {isa = PBXFileReference; lastKnownFileType = sourcecode.swift; path = Auth.swift; sourceTree = "<group>"; };
		EF5F79C3254BC52200AA138C /* NetworkManager.swift */ = {isa = PBXFileReference; lastKnownFileType = sourcecode.swift; path = NetworkManager.swift; sourceTree = "<group>"; };
		EF73F86B25566EE200A2B8AE /* util.swift */ = {isa = PBXFileReference; lastKnownFileType = sourcecode.swift; path = util.swift; sourceTree = "<group>"; };
		EF7BACE824CCE84800CCCBCF /* build_and_export.sh */ = {isa = PBXFileReference; lastKnownFileType = text.script.sh; path = build_and_export.sh; sourceTree = "<group>"; };
		EF7FAAB5256EEDE400DD08A1 /* ContentViewHome.swift */ = {isa = PBXFileReference; lastKnownFileType = sourcecode.swift; path = ContentViewHome.swift; sourceTree = "<group>"; };
		EF838F3424AABC3C00A7DAAA /* Errors.swift */ = {isa = PBXFileReference; lastKnownFileType = sourcecode.swift; path = Errors.swift; sourceTree = "<group>"; };
		EF838F3724AAE53100A7DAAA /* Listener.swift */ = {isa = PBXFileReference; lastKnownFileType = sourcecode.swift; path = Listener.swift; sourceTree = "<group>"; };
		EF838F3A24AAEA9E00A7DAAA /* Keycode.swift */ = {isa = PBXFileReference; lastKnownFileType = sourcecode.swift; path = Keycode.swift; sourceTree = "<group>"; };
		EF838F3C24ABDD2D00A7DAAA /* Settings.swift */ = {isa = PBXFileReference; lastKnownFileType = sourcecode.swift; path = Settings.swift; sourceTree = "<group>"; };
		EF838F4024ABE07500A7DAAA /* settings.json */ = {isa = PBXFileReference; explicitFileType = text.json; fileEncoding = 4; path = settings.json; sourceTree = "<group>"; };
		EF8EBEF824BEAFA8003FEF8A /* CompRokuDevices.swift */ = {isa = PBXFileReference; lastKnownFileType = sourcecode.swift; path = CompRokuDevices.swift; sourceTree = "<group>"; };
		EFD8EA3B24A5AE0700407555 /* ContentViewRoku.swift */ = {isa = PBXFileReference; lastKnownFileType = sourcecode.swift; path = ContentViewRoku.swift; sourceTree = "<group>"; };
		EFD8EA3F24A5AE4100407555 /* ContentViewSettings.swift */ = {isa = PBXFileReference; lastKnownFileType = sourcecode.swift; path = ContentViewSettings.swift; sourceTree = "<group>"; };
		EFD8EA4324A5B9EF00407555 /* README.md */ = {isa = PBXFileReference; lastKnownFileType = net.daringfireball.markdown; path = README.md; sourceTree = "<group>"; };
		EFD8EA4524A5CF8200407555 /* RemoteTypes.swift */ = {isa = PBXFileReference; lastKnownFileType = sourcecode.swift; path = RemoteTypes.swift; sourceTree = "<group>"; };
		EFD964A924A55D5600BCBB86 /* MyRemote.app */ = {isa = PBXFileReference; explicitFileType = wrapper.application; includeInIndex = 0; path = MyRemote.app; sourceTree = BUILT_PRODUCTS_DIR; };
		EFD964AC24A55D5600BCBB86 /* AppDelegate.swift */ = {isa = PBXFileReference; lastKnownFileType = sourcecode.swift; path = AppDelegate.swift; sourceTree = "<group>"; };
		EFD964AE24A55D5600BCBB86 /* ContentViewMain.swift */ = {isa = PBXFileReference; lastKnownFileType = sourcecode.swift; path = ContentViewMain.swift; sourceTree = "<group>"; };
		EFD964B024A55D5800BCBB86 /* Assets.xcassets */ = {isa = PBXFileReference; lastKnownFileType = folder.assetcatalog; path = Assets.xcassets; sourceTree = "<group>"; };
		EFD964B324A55D5800BCBB86 /* Preview Assets.xcassets */ = {isa = PBXFileReference; lastKnownFileType = folder.assetcatalog; path = "Preview Assets.xcassets"; sourceTree = "<group>"; };
		EFD964B624A55D5800BCBB86 /* Base */ = {isa = PBXFileReference; lastKnownFileType = file.storyboard; name = Base; path = Base.lproj/Main.storyboard; sourceTree = "<group>"; };
		EFD964B824A55D5800BCBB86 /* Info.plist */ = {isa = PBXFileReference; lastKnownFileType = text.plist.xml; path = Info.plist; sourceTree = "<group>"; };
		EFD964B924A55D5800BCBB86 /* MyRemote.entitlements */ = {isa = PBXFileReference; lastKnownFileType = text.plist.entitlements; path = MyRemote.entitlements; sourceTree = "<group>"; };
		EFD964BE24A55D5800BCBB86 /* MyRemoteTests.xctest */ = {isa = PBXFileReference; explicitFileType = wrapper.cfbundle; includeInIndex = 0; path = MyRemoteTests.xctest; sourceTree = BUILT_PRODUCTS_DIR; };
		EFD964C224A55D5800BCBB86 /* MyRemoteTests.swift */ = {isa = PBXFileReference; lastKnownFileType = sourcecode.swift; path = MyRemoteTests.swift; sourceTree = "<group>"; };
		EFD964C424A55D5800BCBB86 /* Info.plist */ = {isa = PBXFileReference; lastKnownFileType = text.plist.xml; path = Info.plist; sourceTree = "<group>"; };
		EFD964C924A55D5800BCBB86 /* MyRemoteUITests.xctest */ = {isa = PBXFileReference; explicitFileType = wrapper.cfbundle; includeInIndex = 0; path = MyRemoteUITests.xctest; sourceTree = BUILT_PRODUCTS_DIR; };
		EFD964CD24A55D5800BCBB86 /* MyRemoteUITests.swift */ = {isa = PBXFileReference; lastKnownFileType = sourcecode.swift; path = MyRemoteUITests.swift; sourceTree = "<group>"; };
		EFD964CF24A55D5800BCBB86 /* Info.plist */ = {isa = PBXFileReference; lastKnownFileType = text.plist.xml; path = Info.plist; sourceTree = "<group>"; };
		EFD964DF24A5996500BCBB86 /* Constants.swift */ = {isa = PBXFileReference; lastKnownFileType = sourcecode.swift; path = Constants.swift; sourceTree = "<group>"; };
		EFF5949224ABE364003820DB /* RemoteButton.swift */ = {isa = PBXFileReference; lastKnownFileType = sourcecode.swift; path = RemoteButton.swift; sourceTree = "<group>"; };
		EFFEE99E24A7024B003829B8 /* CompArrows.swift */ = {isa = PBXFileReference; lastKnownFileType = sourcecode.swift; path = CompArrows.swift; sourceTree = "<group>"; };
		EFFEE9A024A703F3003829B8 /* CompTop.swift */ = {isa = PBXFileReference; lastKnownFileType = sourcecode.swift; path = CompTop.swift; sourceTree = "<group>"; };
		EFFEE9AD24AAA0F7003829B8 /* Buttons.swift */ = {isa = PBXFileReference; lastKnownFileType = sourcecode.swift; path = Buttons.swift; sourceTree = "<group>"; };
/* End PBXFileReference section */

/* Begin PBXFrameworksBuildPhase section */
		EFD964A624A55D5600BCBB86 /* Frameworks */ = {
			isa = PBXFrameworksBuildPhase;
			buildActionMask = 2147483647;
			files = (
			);
			runOnlyForDeploymentPostprocessing = 0;
		};
		EFD964BB24A55D5800BCBB86 /* Frameworks */ = {
			isa = PBXFrameworksBuildPhase;
			buildActionMask = 2147483647;
			files = (
			);
			runOnlyForDeploymentPostprocessing = 0;
		};
		EFD964C624A55D5800BCBB86 /* Frameworks */ = {
			isa = PBXFrameworksBuildPhase;
			buildActionMask = 2147483647;
			files = (
			);
			runOnlyForDeploymentPostprocessing = 0;
		};
/* End PBXFrameworksBuildPhase section */

/* Begin PBXGroup section */
		EF15336A24B6DD2C00D512F7 /* roku */ = {
			isa = PBXGroup;
			children = (
				EF73F85B25566AB900A2B8AE /* ui */,
				EF15336B24B6DD3D00D512F7 /* RokuApp.swift */,
			);
			path = roku;
			sourceTree = "<group>";
		};
		EF5F79BA254BBAFE00AA138C /* spotify */ = {
			isa = PBXGroup;
			children = (
				EF73F85C25566AC300A2B8AE /* ui */,
				EF5F79BB254BBB1100AA138C /* Auth.swift */,
			);
			path = spotify;
			sourceTree = "<group>";
		};
		EF73F85B25566AB900A2B8AE /* ui */ = {
			isa = PBXGroup;
			children = (
				EFD8EA3B24A5AE0700407555 /* ContentViewRoku.swift */,
				EF73F85D25566B0600A2B8AE /* components */,
			);
			path = ui;
			sourceTree = "<group>";
		};
		EF73F85C25566AC300A2B8AE /* ui */ = {
			isa = PBXGroup;
			children = (
				EF5F79B5254BAD9100AA138C /* ContentViewSpotify.swift */,
			);
			path = ui;
			sourceTree = "<group>";
		};
		EF73F85D25566B0600A2B8AE /* components */ = {
			isa = PBXGroup;
			children = (
				EFFEE99E24A7024B003829B8 /* CompArrows.swift */,
				EFFEE9A024A703F3003829B8 /* CompTop.swift */,
				EF8EBEF824BEAFA8003FEF8A /* CompRokuDevices.swift */,
			);
			path = components;
			sourceTree = "<group>";
		};
		EF73F85E25566B2900A2B8AE /* objects */ = {
			isa = PBXGroup;
			children = (
				EF838F3C24ABDD2D00A7DAAA /* Settings.swift */,
				EFF5949224ABE364003820DB /* RemoteButton.swift */,
				EF838F3424AABC3C00A7DAAA /* Errors.swift */,
				EF5F79C3254BC52200AA138C /* NetworkManager.swift */,
			);
			path = objects;
			sourceTree = "<group>";
		};
		EF73F85F25566B4800A2B8AE /* types */ = {
			isa = PBXGroup;
			children = (
				EFD8EA4524A5CF8200407555 /* RemoteTypes.swift */,
				EF73F86B25566EE200A2B8AE /* util.swift */,
			);
			path = types;
			sourceTree = "<group>";
		};
		EF73F86025566B4F00A2B8AE /* ui */ = {
			isa = PBXGroup;
			children = (
				EFD964AE24A55D5600BCBB86 /* ContentViewMain.swift */,
				EFD8EA3F24A5AE4100407555 /* ContentViewSettings.swift */,
				EF73F86425566C1000A2B8AE /* components */,
			);
			path = ui;
			sourceTree = "<group>";
		};
		EF73F86425566C1000A2B8AE /* components */ = {
			isa = PBXGroup;
			children = (
				EF15336724B6D52600D512F7 /* CompStatus.swift */,
				EF04398A24CAA48F002EEDBB /* CompGroupedView.swift */,
				EF4AA099256E093600AE4A40 /* CompRemotePicker.swift */,
			);
			path = components;
			sourceTree = "<group>";
		};
		EF7FAAB3256EED5000DD08A1 /* home */ = {
			isa = PBXGroup;
			children = (
				EF7FAAB4256EED5600DD08A1 /* ui */,
			);
			path = home;
			sourceTree = "<group>";
		};
		EF7FAAB4256EED5600DD08A1 /* ui */ = {
			isa = PBXGroup;
			children = (
				EF7FAAB5256EEDE400DD08A1 /* ContentViewHome.swift */,
			);
			path = ui;
			sourceTree = "<group>";
		};
		EF838F3624AAE52000A7DAAA /* keyboard */ = {
			isa = PBXGroup;
			children = (
				EF838F3724AAE53100A7DAAA /* Listener.swift */,
				EF838F3A24AAEA9E00A7DAAA /* Keycode.swift */,
			);
			path = keyboard;
			sourceTree = "<group>";
		};
		EF838F3F24ABDF3300A7DAAA /* settings */ = {
			isa = PBXGroup;
			children = (
				EF838F4024ABE07500A7DAAA /* settings.json */,
			);
			path = settings;
			sourceTree = "<group>";
		};
		EFD8EA4424A5CF6D00407555 /* core */ = {
			isa = PBXGroup;
			children = (
				EFD964AC24A55D5600BCBB86 /* AppDelegate.swift */,
				EF838F3624AAE52000A7DAAA /* keyboard */,
				EF73F86025566B4F00A2B8AE /* ui */,
				EF73F85F25566B4800A2B8AE /* types */,
				EF73F85E25566B2900A2B8AE /* objects */,
				EFFEE9AC24AAA0E5003829B8 /* constants */,
			);
			path = core;
			sourceTree = "<group>";
		};
		EFD964A024A55D5600BCBB86 = {
			isa = PBXGroup;
			children = (
				EF7BACE824CCE84800CCCBCF /* build_and_export.sh */,
				EFD8EA4324A5B9EF00407555 /* README.md */,
				EFD964AB24A55D5600BCBB86 /* MyRemote */,
				EFD964C124A55D5800BCBB86 /* MyRemoteTests */,
				EFD964CC24A55D5800BCBB86 /* MyRemoteUITests */,
				EFD964AA24A55D5600BCBB86 /* Products */,
			);
			sourceTree = "<group>";
		};
		EFD964AA24A55D5600BCBB86 /* Products */ = {
			isa = PBXGroup;
			children = (
				EFD964A924A55D5600BCBB86 /* MyRemote.app */,
				EFD964BE24A55D5800BCBB86 /* MyRemoteTests.xctest */,
				EFD964C924A55D5800BCBB86 /* MyRemoteUITests.xctest */,
			);
			name = Products;
			sourceTree = "<group>";
		};
		EFD964AB24A55D5600BCBB86 /* MyRemote */ = {
			isa = PBXGroup;
			children = (
				EF7FAAB3256EED5000DD08A1 /* home */,
				EF5F79BA254BBAFE00AA138C /* spotify */,
				EF15336A24B6DD2C00D512F7 /* roku */,
				EF838F3F24ABDF3300A7DAAA /* settings */,
				EFD8EA4424A5CF6D00407555 /* core */,
				EFD964B024A55D5800BCBB86 /* Assets.xcassets */,
				EFD964B524A55D5800BCBB86 /* Main.storyboard */,
				EFD964B824A55D5800BCBB86 /* Info.plist */,
				EFD964B924A55D5800BCBB86 /* MyRemote.entitlements */,
				EFD964B224A55D5800BCBB86 /* Preview Content */,
			);
			path = MyRemote;
			sourceTree = "<group>";
		};
		EFD964B224A55D5800BCBB86 /* Preview Content */ = {
			isa = PBXGroup;
			children = (
				EFD964B324A55D5800BCBB86 /* Preview Assets.xcassets */,
			);
			path = "Preview Content";
			sourceTree = "<group>";
		};
		EFD964C124A55D5800BCBB86 /* MyRemoteTests */ = {
			isa = PBXGroup;
			children = (
				EFD964C224A55D5800BCBB86 /* MyRemoteTests.swift */,
				EFD964C424A55D5800BCBB86 /* Info.plist */,
			);
			path = MyRemoteTests;
			sourceTree = "<group>";
		};
		EFD964CC24A55D5800BCBB86 /* MyRemoteUITests */ = {
			isa = PBXGroup;
			children = (
				EFD964CD24A55D5800BCBB86 /* MyRemoteUITests.swift */,
				EFD964CF24A55D5800BCBB86 /* Info.plist */,
			);
			path = MyRemoteUITests;
			sourceTree = "<group>";
		};
		EFFEE9AC24AAA0E5003829B8 /* constants */ = {
			isa = PBXGroup;
			children = (
				EFFEE9AD24AAA0F7003829B8 /* Buttons.swift */,
				EFD964DF24A5996500BCBB86 /* Constants.swift */,
			);
			path = constants;
			sourceTree = "<group>";
		};
/* End PBXGroup section */

/* Begin PBXNativeTarget section */
		EFD964A824A55D5600BCBB86 /* MyRemote */ = {
			isa = PBXNativeTarget;
			buildConfigurationList = EFD964D224A55D5800BCBB86 /* Build configuration list for PBXNativeTarget "MyRemote" */;
			buildPhases = (
				EFD964A524A55D5600BCBB86 /* Sources */,
				EFD964A624A55D5600BCBB86 /* Frameworks */,
				EFD964A724A55D5600BCBB86 /* Resources */,
			);
			buildRules = (
			);
			dependencies = (
			);
			name = MyRemote;
			productName = MyRemote;
			productReference = EFD964A924A55D5600BCBB86 /* MyRemote.app */;
			productType = "com.apple.product-type.application";
		};
		EFD964BD24A55D5800BCBB86 /* MyRemoteTests */ = {
			isa = PBXNativeTarget;
			buildConfigurationList = EFD964D524A55D5800BCBB86 /* Build configuration list for PBXNativeTarget "MyRemoteTests" */;
			buildPhases = (
				EFD964BA24A55D5800BCBB86 /* Sources */,
				EFD964BB24A55D5800BCBB86 /* Frameworks */,
				EFD964BC24A55D5800BCBB86 /* Resources */,
			);
			buildRules = (
			);
			dependencies = (
				EFD964C024A55D5800BCBB86 /* PBXTargetDependency */,
			);
			name = MyRemoteTests;
			productName = MyRemoteTests;
			productReference = EFD964BE24A55D5800BCBB86 /* MyRemoteTests.xctest */;
			productType = "com.apple.product-type.bundle.unit-test";
		};
		EFD964C824A55D5800BCBB86 /* MyRemoteUITests */ = {
			isa = PBXNativeTarget;
			buildConfigurationList = EFD964D824A55D5800BCBB86 /* Build configuration list for PBXNativeTarget "MyRemoteUITests" */;
			buildPhases = (
				EFD964C524A55D5800BCBB86 /* Sources */,
				EFD964C624A55D5800BCBB86 /* Frameworks */,
				EFD964C724A55D5800BCBB86 /* Resources */,
			);
			buildRules = (
			);
			dependencies = (
				EFD964CB24A55D5800BCBB86 /* PBXTargetDependency */,
			);
			name = MyRemoteUITests;
			productName = MyRemoteUITests;
			productReference = EFD964C924A55D5800BCBB86 /* MyRemoteUITests.xctest */;
			productType = "com.apple.product-type.bundle.ui-testing";
		};
/* End PBXNativeTarget section */

/* Begin PBXProject section */
		EFD964A124A55D5600BCBB86 /* Project object */ = {
			isa = PBXProject;
			attributes = {
				LastSwiftUpdateCheck = 1150;
				LastUpgradeCheck = 1210;
				ORGANIZATIONNAME = "Alex DeMeo";
				TargetAttributes = {
					EFD964A824A55D5600BCBB86 = {
						CreatedOnToolsVersion = 11.5;
					};
					EFD964BD24A55D5800BCBB86 = {
						CreatedOnToolsVersion = 11.5;
						TestTargetID = EFD964A824A55D5600BCBB86;
					};
					EFD964C824A55D5800BCBB86 = {
						CreatedOnToolsVersion = 11.5;
						TestTargetID = EFD964A824A55D5600BCBB86;
					};
				};
			};
			buildConfigurationList = EFD964A424A55D5600BCBB86 /* Build configuration list for PBXProject "MyRemote" */;
			compatibilityVersion = "Xcode 9.3";
			developmentRegion = en;
			hasScannedForEncodings = 0;
			knownRegions = (
				en,
				Base,
			);
			mainGroup = EFD964A024A55D5600BCBB86;
			productRefGroup = EFD964AA24A55D5600BCBB86 /* Products */;
			projectDirPath = "";
			projectRoot = "";
			targets = (
				EFD964A824A55D5600BCBB86 /* MyRemote */,
				EFD964BD24A55D5800BCBB86 /* MyRemoteTests */,
				EFD964C824A55D5800BCBB86 /* MyRemoteUITests */,
			);
		};
/* End PBXProject section */

/* Begin PBXResourcesBuildPhase section */
		EFD964A724A55D5600BCBB86 /* Resources */ = {
			isa = PBXResourcesBuildPhase;
			buildActionMask = 2147483647;
			files = (
				EFD964B724A55D5800BCBB86 /* Main.storyboard in Resources */,
				EFD964B424A55D5800BCBB86 /* Preview Assets.xcassets in Resources */,
				EF838F4124ABE07500A7DAAA /* settings.json in Resources */,
				EFD964B124A55D5800BCBB86 /* Assets.xcassets in Resources */,
			);
			runOnlyForDeploymentPostprocessing = 0;
		};
		EFD964BC24A55D5800BCBB86 /* Resources */ = {
			isa = PBXResourcesBuildPhase;
			buildActionMask = 2147483647;
			files = (
			);
			runOnlyForDeploymentPostprocessing = 0;
		};
		EFD964C724A55D5800BCBB86 /* Resources */ = {
			isa = PBXResourcesBuildPhase;
			buildActionMask = 2147483647;
			files = (
			);
			runOnlyForDeploymentPostprocessing = 0;
		};
/* End PBXResourcesBuildPhase section */

/* Begin PBXSourcesBuildPhase section */
		EFD964A524A55D5600BCBB86 /* Sources */ = {
			isa = PBXSourcesBuildPhase;
			buildActionMask = 2147483647;
			files = (
				EF5F79C4254BC52200AA138C /* NetworkManager.swift in Sources */,
				EFFEE99F24A7024B003829B8 /* CompArrows.swift in Sources */,
				EF15336C24B6DD3D00D512F7 /* RokuApp.swift in Sources */,
				EF838F3824AAE53100A7DAAA /* Listener.swift in Sources */,
				EFD964AF24A55D5600BCBB86 /* ContentViewMain.swift in Sources */,
				EF4AA09A256E093600AE4A40 /* CompRemotePicker.swift in Sources */,
				EFFEE9AE24AAA0F7003829B8 /* Buttons.swift in Sources */,
				EF73F86C25566EE200A2B8AE /* util.swift in Sources */,
				EF838F3524AABC3C00A7DAAA /* Errors.swift in Sources */,
				EFD964AD24A55D5600BCBB86 /* AppDelegate.swift in Sources */,
				EF15336824B6D52600D512F7 /* CompStatus.swift in Sources */,
				EFD8EA4624A5CF8200407555 /* RemoteTypes.swift in Sources */,
				EFD8EA4024A5AE4100407555 /* ContentViewSettings.swift in Sources */,
				EF5F79B6254BAD9100AA138C /* ContentViewSpotify.swift in Sources */,
				EF838F3D24ABDD2D00A7DAAA /* Settings.swift in Sources */,
				EF7FAAB6256EEDE400DD08A1 /* ContentViewHome.swift in Sources */,
				EFFEE9A124A703F3003829B8 /* CompTop.swift in Sources */,
				EF04398B24CAA48F002EEDBB /* CompGroupedView.swift in Sources */,
				EF8EBEF924BEAFA8003FEF8A /* CompRokuDevices.swift in Sources */,
				EFF5949324ABE364003820DB /* RemoteButton.swift in Sources */,
				EF5F79BC254BBB1100AA138C /* Auth.swift in Sources */,
				EF838F3B24AAEA9E00A7DAAA /* Keycode.swift in Sources */,
				EFD964E024A5996500BCBB86 /* Constants.swift in Sources */,
				EFD8EA3C24A5AE0700407555 /* ContentViewRoku.swift in Sources */,
			);
			runOnlyForDeploymentPostprocessing = 0;
		};
		EFD964BA24A55D5800BCBB86 /* Sources */ = {
			isa = PBXSourcesBuildPhase;
			buildActionMask = 2147483647;
			files = (
				EFD964C324A55D5800BCBB86 /* MyRemoteTests.swift in Sources */,
			);
			runOnlyForDeploymentPostprocessing = 0;
		};
		EFD964C524A55D5800BCBB86 /* Sources */ = {
			isa = PBXSourcesBuildPhase;
			buildActionMask = 2147483647;
			files = (
				EFD964CE24A55D5800BCBB86 /* MyRemoteUITests.swift in Sources */,
			);
			runOnlyForDeploymentPostprocessing = 0;
		};
/* End PBXSourcesBuildPhase section */

/* Begin PBXTargetDependency section */
		EFD964C024A55D5800BCBB86 /* PBXTargetDependency */ = {
			isa = PBXTargetDependency;
			target = EFD964A824A55D5600BCBB86 /* MyRemote */;
			targetProxy = EFD964BF24A55D5800BCBB86 /* PBXContainerItemProxy */;
		};
		EFD964CB24A55D5800BCBB86 /* PBXTargetDependency */ = {
			isa = PBXTargetDependency;
			target = EFD964A824A55D5600BCBB86 /* MyRemote */;
			targetProxy = EFD964CA24A55D5800BCBB86 /* PBXContainerItemProxy */;
		};
/* End PBXTargetDependency section */

/* Begin PBXVariantGroup section */
		EFD964B524A55D5800BCBB86 /* Main.storyboard */ = {
			isa = PBXVariantGroup;
			children = (
				EFD964B624A55D5800BCBB86 /* Base */,
			);
			name = Main.storyboard;
			sourceTree = "<group>";
		};
/* End PBXVariantGroup section */

/* Begin XCBuildConfiguration section */
		EFD964D024A55D5800BCBB86 /* Debug */ = {
			isa = XCBuildConfiguration;
			buildSettings = {
				ALWAYS_SEARCH_USER_PATHS = NO;
				CLANG_ANALYZER_NONNULL = YES;
				CLANG_ANALYZER_NUMBER_OBJECT_CONVERSION = YES_AGGRESSIVE;
				CLANG_CXX_LANGUAGE_STANDARD = "gnu++14";
				CLANG_CXX_LIBRARY = "libc++";
				CLANG_ENABLE_MODULES = YES;
				CLANG_ENABLE_OBJC_ARC = YES;
				CLANG_ENABLE_OBJC_WEAK = YES;
				CLANG_WARN_BLOCK_CAPTURE_AUTORELEASING = YES;
				CLANG_WARN_BOOL_CONVERSION = YES;
				CLANG_WARN_COMMA = YES;
				CLANG_WARN_CONSTANT_CONVERSION = YES;
				CLANG_WARN_DEPRECATED_OBJC_IMPLEMENTATIONS = YES;
				CLANG_WARN_DIRECT_OBJC_ISA_USAGE = YES_ERROR;
				CLANG_WARN_DOCUMENTATION_COMMENTS = YES;
				CLANG_WARN_EMPTY_BODY = YES;
				CLANG_WARN_ENUM_CONVERSION = YES;
				CLANG_WARN_INFINITE_RECURSION = YES;
				CLANG_WARN_INT_CONVERSION = YES;
				CLANG_WARN_NON_LITERAL_NULL_CONVERSION = YES;
				CLANG_WARN_OBJC_IMPLICIT_RETAIN_SELF = YES;
				CLANG_WARN_OBJC_LITERAL_CONVERSION = YES;
				CLANG_WARN_OBJC_ROOT_CLASS = YES_ERROR;
				CLANG_WARN_QUOTED_INCLUDE_IN_FRAMEWORK_HEADER = YES;
				CLANG_WARN_RANGE_LOOP_ANALYSIS = YES;
				CLANG_WARN_STRICT_PROTOTYPES = YES;
				CLANG_WARN_SUSPICIOUS_MOVE = YES;
				CLANG_WARN_UNGUARDED_AVAILABILITY = YES_AGGRESSIVE;
				CLANG_WARN_UNREACHABLE_CODE = YES;
				CLANG_WARN__DUPLICATE_METHOD_MATCH = YES;
				COPY_PHASE_STRIP = NO;
				DEBUG_INFORMATION_FORMAT = dwarf;
				ENABLE_STRICT_OBJC_MSGSEND = YES;
				ENABLE_TESTABILITY = YES;
				GCC_C_LANGUAGE_STANDARD = gnu11;
				GCC_DYNAMIC_NO_PIC = NO;
				GCC_NO_COMMON_BLOCKS = YES;
				GCC_OPTIMIZATION_LEVEL = 0;
				GCC_PREPROCESSOR_DEFINITIONS = (
					"DEBUG=1",
					"$(inherited)",
				);
				GCC_WARN_64_TO_32_BIT_CONVERSION = YES;
				GCC_WARN_ABOUT_RETURN_TYPE = YES_ERROR;
				GCC_WARN_UNDECLARED_SELECTOR = YES;
				GCC_WARN_UNINITIALIZED_AUTOS = YES_AGGRESSIVE;
				GCC_WARN_UNUSED_FUNCTION = YES;
				GCC_WARN_UNUSED_VARIABLE = YES;
				MACOSX_DEPLOYMENT_TARGET = 10.15;
				MTL_ENABLE_DEBUG_INFO = INCLUDE_SOURCE;
				MTL_FAST_MATH = YES;
				ONLY_ACTIVE_ARCH = YES;
				SDKROOT = macosx;
				SWIFT_ACTIVE_COMPILATION_CONDITIONS = DEBUG;
				SWIFT_OPTIMIZATION_LEVEL = "-Onone";
			};
			name = Debug;
		};
		EFD964D124A55D5800BCBB86 /* Release */ = {
			isa = XCBuildConfiguration;
			buildSettings = {
				ALWAYS_SEARCH_USER_PATHS = NO;
				CLANG_ANALYZER_NONNULL = YES;
				CLANG_ANALYZER_NUMBER_OBJECT_CONVERSION = YES_AGGRESSIVE;
				CLANG_CXX_LANGUAGE_STANDARD = "gnu++14";
				CLANG_CXX_LIBRARY = "libc++";
				CLANG_ENABLE_MODULES = YES;
				CLANG_ENABLE_OBJC_ARC = YES;
				CLANG_ENABLE_OBJC_WEAK = YES;
				CLANG_WARN_BLOCK_CAPTURE_AUTORELEASING = YES;
				CLANG_WARN_BOOL_CONVERSION = YES;
				CLANG_WARN_COMMA = YES;
				CLANG_WARN_CONSTANT_CONVERSION = YES;
				CLANG_WARN_DEPRECATED_OBJC_IMPLEMENTATIONS = YES;
				CLANG_WARN_DIRECT_OBJC_ISA_USAGE = YES_ERROR;
				CLANG_WARN_DOCUMENTATION_COMMENTS = YES;
				CLANG_WARN_EMPTY_BODY = YES;
				CLANG_WARN_ENUM_CONVERSION = YES;
				CLANG_WARN_INFINITE_RECURSION = YES;
				CLANG_WARN_INT_CONVERSION = YES;
				CLANG_WARN_NON_LITERAL_NULL_CONVERSION = YES;
				CLANG_WARN_OBJC_IMPLICIT_RETAIN_SELF = YES;
				CLANG_WARN_OBJC_LITERAL_CONVERSION = YES;
				CLANG_WARN_OBJC_ROOT_CLASS = YES_ERROR;
				CLANG_WARN_QUOTED_INCLUDE_IN_FRAMEWORK_HEADER = YES;
				CLANG_WARN_RANGE_LOOP_ANALYSIS = YES;
				CLANG_WARN_STRICT_PROTOTYPES = YES;
				CLANG_WARN_SUSPICIOUS_MOVE = YES;
				CLANG_WARN_UNGUARDED_AVAILABILITY = YES_AGGRESSIVE;
				CLANG_WARN_UNREACHABLE_CODE = YES;
				CLANG_WARN__DUPLICATE_METHOD_MATCH = YES;
				COPY_PHASE_STRIP = NO;
				DEBUG_INFORMATION_FORMAT = "dwarf-with-dsym";
				ENABLE_NS_ASSERTIONS = NO;
				ENABLE_STRICT_OBJC_MSGSEND = YES;
				GCC_C_LANGUAGE_STANDARD = gnu11;
				GCC_NO_COMMON_BLOCKS = YES;
				GCC_WARN_64_TO_32_BIT_CONVERSION = YES;
				GCC_WARN_ABOUT_RETURN_TYPE = YES_ERROR;
				GCC_WARN_UNDECLARED_SELECTOR = YES;
				GCC_WARN_UNINITIALIZED_AUTOS = YES_AGGRESSIVE;
				GCC_WARN_UNUSED_FUNCTION = YES;
				GCC_WARN_UNUSED_VARIABLE = YES;
				MACOSX_DEPLOYMENT_TARGET = 10.15;
				MTL_ENABLE_DEBUG_INFO = NO;
				MTL_FAST_MATH = YES;
				SDKROOT = macosx;
				SWIFT_COMPILATION_MODE = wholemodule;
				SWIFT_OPTIMIZATION_LEVEL = "-O";
			};
			name = Release;
		};
		EFD964D324A55D5800BCBB86 /* Debug */ = {
			isa = XCBuildConfiguration;
			buildSettings = {
				ASSETCATALOG_COMPILER_APPICON_NAME = AppIcon;
				CODE_SIGN_ENTITLEMENTS = MyRemote/MyRemote.entitlements;
				CODE_SIGN_IDENTITY = "Apple Development";
				CODE_SIGN_STYLE = Automatic;
				COMBINE_HIDPI_IMAGES = YES;
				DEVELOPMENT_ASSET_PATHS = "\"MyRemote/Preview Content\"";
				DEVELOPMENT_TEAM = C6XMS929M4;
				ENABLE_HARDENED_RUNTIME = YES;
				ENABLE_PREVIEWS = YES;
				INFOPLIST_FILE = MyRemote/Info.plist;
				LD_RUNPATH_SEARCH_PATHS = (
					"$(inherited)",
					"@executable_path/../Frameworks",
				);
				MACOSX_DEPLOYMENT_TARGET = 10.15;
				PRODUCT_BUNDLE_IDENTIFIER = com.wheresthevolume.MyRemote;
				PRODUCT_NAME = "$(TARGET_NAME)";
				PROVISIONING_PROFILE_SPECIFIER = "";
				SWIFT_VERSION = 5.0;
			};
			name = Debug;
		};
		EFD964D424A55D5800BCBB86 /* Release */ = {
			isa = XCBuildConfiguration;
			buildSettings = {
				ASSETCATALOG_COMPILER_APPICON_NAME = AppIcon;
				CODE_SIGN_ENTITLEMENTS = MyRemote/MyRemote.entitlements;
				CODE_SIGN_IDENTITY = "Apple Development";
				CODE_SIGN_STYLE = Automatic;
				COMBINE_HIDPI_IMAGES = YES;
				DEVELOPMENT_ASSET_PATHS = "\"MyRemote/Preview Content\"";
				DEVELOPMENT_TEAM = C6XMS929M4;
				ENABLE_HARDENED_RUNTIME = YES;
				ENABLE_PREVIEWS = YES;
				INFOPLIST_FILE = MyRemote/Info.plist;
				LD_RUNPATH_SEARCH_PATHS = (
					"$(inherited)",
					"@executable_path/../Frameworks",
				);
				MACOSX_DEPLOYMENT_TARGET = 10.15;
				PRODUCT_BUNDLE_IDENTIFIER = com.wheresthevolume.MyRemote;
				PRODUCT_NAME = "$(TARGET_NAME)";
				PROVISIONING_PROFILE_SPECIFIER = "";
				SWIFT_VERSION = 5.0;
			};
			name = Release;
		};
		EFD964D624A55D5800BCBB86 /* Debug */ = {
			isa = XCBuildConfiguration;
			buildSettings = {
				ALWAYS_EMBED_SWIFT_STANDARD_LIBRARIES = YES;
				BUNDLE_LOADER = "$(TEST_HOST)";
				CODE_SIGN_STYLE = Automatic;
				COMBINE_HIDPI_IMAGES = YES;
				INFOPLIST_FILE = MyRemoteTests/Info.plist;
				LD_RUNPATH_SEARCH_PATHS = (
					"$(inherited)",
					"@executable_path/../Frameworks",
					"@loader_path/../Frameworks",
				);
				MACOSX_DEPLOYMENT_TARGET = 10.15;
				PRODUCT_BUNDLE_IDENTIFIER = com.wheresthevolume.MyRemoteTests;
				PRODUCT_NAME = "$(TARGET_NAME)";
				SWIFT_VERSION = 5.0;
				TEST_HOST = "$(BUILT_PRODUCTS_DIR)/MyRemote.app/Contents/MacOS/MyRemote";
			};
			name = Debug;
		};
		EFD964D724A55D5800BCBB86 /* Release */ = {
			isa = XCBuildConfiguration;
			buildSettings = {
				ALWAYS_EMBED_SWIFT_STANDARD_LIBRARIES = YES;
				BUNDLE_LOADER = "$(TEST_HOST)";
				CODE_SIGN_STYLE = Automatic;
				COMBINE_HIDPI_IMAGES = YES;
				INFOPLIST_FILE = MyRemoteTests/Info.plist;
				LD_RUNPATH_SEARCH_PATHS = (
					"$(inherited)",
					"@executable_path/../Frameworks",
					"@loader_path/../Frameworks",
				);
				MACOSX_DEPLOYMENT_TARGET = 10.15;
				PRODUCT_BUNDLE_IDENTIFIER = com.wheresthevolume.MyRemoteTests;
				PRODUCT_NAME = "$(TARGET_NAME)";
				SWIFT_VERSION = 5.0;
				TEST_HOST = "$(BUILT_PRODUCTS_DIR)/MyRemote.app/Contents/MacOS/MyRemote";
			};
			name = Release;
		};
		EFD964D924A55D5800BCBB86 /* Debug */ = {
			isa = XCBuildConfiguration;
			buildSettings = {
				ALWAYS_EMBED_SWIFT_STANDARD_LIBRARIES = YES;
				CODE_SIGN_STYLE = Automatic;
				COMBINE_HIDPI_IMAGES = YES;
				INFOPLIST_FILE = MyRemoteUITests/Info.plist;
				LD_RUNPATH_SEARCH_PATHS = (
					"$(inherited)",
					"@executable_path/../Frameworks",
					"@loader_path/../Frameworks",
				);
				PRODUCT_BUNDLE_IDENTIFIER = com.wheresthevolume.MyRemoteUITests;
				PRODUCT_NAME = "$(TARGET_NAME)";
				SWIFT_VERSION = 5.0;
				TEST_TARGET_NAME = MyRemote;
			};
			name = Debug;
		};
		EFD964DA24A55D5800BCBB86 /* Release */ = {
			isa = XCBuildConfiguration;
			buildSettings = {
				ALWAYS_EMBED_SWIFT_STANDARD_LIBRARIES = YES;
				CODE_SIGN_STYLE = Automatic;
				COMBINE_HIDPI_IMAGES = YES;
				INFOPLIST_FILE = MyRemoteUITests/Info.plist;
				LD_RUNPATH_SEARCH_PATHS = (
					"$(inherited)",
					"@executable_path/../Frameworks",
					"@loader_path/../Frameworks",
				);
				PRODUCT_BUNDLE_IDENTIFIER = com.wheresthevolume.MyRemoteUITests;
				PRODUCT_NAME = "$(TARGET_NAME)";
				SWIFT_VERSION = 5.0;
				TEST_TARGET_NAME = MyRemote;
			};
			name = Release;
		};
/* End XCBuildConfiguration section */

/* Begin XCConfigurationList section */
		EFD964A424A55D5600BCBB86 /* Build configuration list for PBXProject "MyRemote" */ = {
			isa = XCConfigurationList;
			buildConfigurations = (
				EFD964D024A55D5800BCBB86 /* Debug */,
				EFD964D124A55D5800BCBB86 /* Release */,
			);
			defaultConfigurationIsVisible = 0;
			defaultConfigurationName = Debug;
		};
		EFD964D224A55D5800BCBB86 /* Build configuration list for PBXNativeTarget "MyRemote" */ = {
			isa = XCConfigurationList;
			buildConfigurations = (
				EFD964D324A55D5800BCBB86 /* Debug */,
				EFD964D424A55D5800BCBB86 /* Release */,
			);
			defaultConfigurationIsVisible = 0;
			defaultConfigurationName = Debug;
		};
		EFD964D524A55D5800BCBB86 /* Build configuration list for PBXNativeTarget "MyRemoteTests" */ = {
			isa = XCConfigurationList;
			buildConfigurations = (
				EFD964D624A55D5800BCBB86 /* Debug */,
				EFD964D724A55D5800BCBB86 /* Release */,
			);
			defaultConfigurationIsVisible = 0;
			defaultConfigurationName = Debug;
		};
		EFD964D824A55D5800BCBB86 /* Build configuration list for PBXNativeTarget "MyRemoteUITests" */ = {
			isa = XCConfigurationList;
			buildConfigurations = (
				EFD964D924A55D5800BCBB86 /* Debug */,
				EFD964DA24A55D5800BCBB86 /* Release */,
			);
			defaultConfigurationIsVisible = 0;
			defaultConfigurationName = Debug;
		};
/* End XCConfigurationList section */
	};
	rootObject = EFD964A124A55D5600BCBB86 /* Project object */;
}
